
Microsoft Visual Studio Solution File, Format Version 11.00
# Visual Studio 2010
Project("{F14B399A-7131-4C87-9E4B-1186C45EF12D}") = "ReportingService", "ReportingService\ReportingService.rptproj", "{C9A6E5DF-25DB-4442-A3F8-9A8E00635F65}"
EndProject
Global
	GlobalSection(SolutionConfigurationPlatforms) = preSolution
		Debug|Default = Debug|Default
		DebugLocal|Default = DebugLocal|Default
		Production|Default = Production|Default
	EndGlobalSection
	GlobalSection(ProjectConfigurationPlatforms) = postSolution
		{C9A6E5DF-25DB-4442-A3F8-9A8E00635F65}.Debug|Default.ActiveCfg = Debug
		{C9A6E5DF-25DB-4442-A3F8-9A8E00635F65}.Debug|Default.Build.0 = DebugLocal
		{C9A6E5DF-25DB-4442-A3F8-9A8E00635F65}.Debug|Default.Deploy.0 = DebugLocal
		{C9A6E5DF-25DB-4442-A3F8-9A8E00635F65}.DebugLocal|Default.ActiveCfg = DebugLocal
		{C9A6E5DF-25DB-4442-A3F8-9A8E00635F65}.DebugLocal|Default.Build.0 = DebugLocal
		{C9A6E5DF-25DB-4442-A3F8-9A8E00635F65}.Production|Default.ActiveCfg = Production
		{C9A6E5DF-25DB-4442-A3F8-9A8E00635F65}.Production|Default.Build.0 = Production
		{C9A6E5DF-25DB-4442-A3F8-9A8E00635F65}.Production|Default.Deploy.0 = Production
	EndGlobalSection
	GlobalSection(SolutionProperties) = preSolution
		HideSolutionNode = FALSE
	EndGlobalSection
EndGlobal
