
Microsoft Visual Studio Solution File, Format Version 12.00
# Visual Studio 2013
VisualStudioVersion = 12.0.21005.1
MinimumVisualStudioVersion = 10.0.40219.1
Project("{FAE04EC0-301F-11D3-BF4B-00C04F79EFBC}") = "WFA_test", "WFA_test\WFA_test.csproj", "{945035E9-1F45-45C5-AC6B-F7D21192DB87}"
EndProject
Global
	GlobalSection(SolutionConfigurationPlatforms) = preSolution
		Debug|Any CPU = Debug|Any CPU
		Release|Any CPU = Release|Any CPU
	EndGlobalSection
	GlobalSection(ProjectConfigurationPlatforms) = postSolution
		{945035E9-1F45-45C5-AC6B-F7D21192DB87}.Debug|Any CPU.ActiveCfg = Debug|Any CPU
		{945035E9-1F45-45C5-AC6B-F7D21192DB87}.Debug|Any CPU.Build.0 = Debug|Any CPU
		{945035E9-1F45-45C5-AC6B-F7D21192DB87}.Release|Any CPU.ActiveCfg = Release|Any CPU
		{945035E9-1F45-45C5-AC6B-F7D21192DB87}.Release|Any CPU.Build.0 = Release|Any CPU
	EndGlobalSection
	GlobalSection(SolutionProperties) = preSolution
		HideSolutionNode = FALSE
	EndGlobalSection
EndGlobal
