
Microsoft Visual Studio Solution File, Format Version 12.00
# Visual Studio 2013
VisualStudioVersion = 12.0.21005.1
MinimumVisualStudioVersion = 10.0.40219.1
Project("{FAE04EC0-301F-11D3-BF4B-00C04F79EFBC}") = "ITL", "ITL\ITL.csproj", "{747F670B-C29F-420B-97E4-BC31443D72DC}"
EndProject
Project("{FAE04EC0-301F-11D3-BF4B-00C04F79EFBC}") = "ITL_v2", "ITL_v2\ITL_v2.csproj", "{94124AAC-CADC-45D2-A01B-7536ABEEF188}"
EndProject
Global
	GlobalSection(SolutionConfigurationPlatforms) = preSolution
		Debug|Any CPU = Debug|Any CPU
		Release|Any CPU = Release|Any CPU
	EndGlobalSection
	GlobalSection(ProjectConfigurationPlatforms) = postSolution
		{747F670B-C29F-420B-97E4-BC31443D72DC}.Debug|Any CPU.ActiveCfg = Debug|Any CPU
		{747F670B-C29F-420B-97E4-BC31443D72DC}.Debug|Any CPU.Build.0 = Debug|Any CPU
		{747F670B-C29F-420B-97E4-BC31443D72DC}.Release|Any CPU.ActiveCfg = Release|Any CPU
		{747F670B-C29F-420B-97E4-BC31443D72DC}.Release|Any CPU.Build.0 = Release|Any CPU
		{94124AAC-CADC-45D2-A01B-7536ABEEF188}.Debug|Any CPU.ActiveCfg = Debug|Any CPU
		{94124AAC-CADC-45D2-A01B-7536ABEEF188}.Debug|Any CPU.Build.0 = Debug|Any CPU
		{94124AAC-CADC-45D2-A01B-7536ABEEF188}.Release|Any CPU.ActiveCfg = Release|Any CPU
		{94124AAC-CADC-45D2-A01B-7536ABEEF188}.Release|Any CPU.Build.0 = Release|Any CPU
	EndGlobalSection
	GlobalSection(SolutionProperties) = preSolution
		HideSolutionNode = FALSE
	EndGlobalSection
EndGlobal
